
Microsoft Visual Studio Solution File, Format Version 12.00
# Visual Studio 14
VisualStudioVersion = 14.0.23107.0
MinimumVisualStudioVersion = 10.0.40219.1
Project("{2150E333-8FDC-42A3-9474-1A3956D46DE8}") = "1. Utilities", "1. Utilities", "{70B59492-92FD-42DE-B67E-3FE748C13CEC}"
EndProject
Project("{2150E333-8FDC-42A3-9474-1A3956D46DE8}") = "5. UI", "5. UI", "{53774AB2-5D9D-4852-B3EF-168D0EC40376}"
EndProject
Project("{2150E333-8FDC-42A3-9474-1A3956D46DE8}") = "2. DataAccess", "2. DataAccess", "{672C3AC3-91CF-4C10-99C4-0E1A5C8C3CBA}"
EndProject
Project("{2150E333-8FDC-42A3-9474-1A3956D46DE8}") = "3. Services", "3. Services", "{CE4026E5-0126-4873-BC44-5D6079448C91}"
EndProject
Project("{2150E333-8FDC-42A3-9474-1A3956D46DE8}") = "4. Business", "4. Business", "{30BA791E-24C2-4A49-993E-6D569BBE58E3}"
EndProject
Project("{2150E333-8FDC-42A3-9474-1A3956D46DE8}") = "Web", "Web", "{3D77A793-7F0B-424B-A6BF-A6D6CBAD70AA}"
EndProject
Project("{FAE04EC0-301F-11D3-BF4B-00C04F79EFBC}") = "NeXT.DMT.Utilities", "NeXT.DMT.Utilities\NeXT.DMT.Utilities.csproj", "{3BE850D0-AE73-4517-8638-E4595B19773F}"
EndProject
Project("{FAE04EC0-301F-11D3-BF4B-00C04F79EFBC}") = "NeXT.DMT.DataAccess", "NeXT.DMT.DataAccess\NeXT.DMT.DataAccess.csproj", "{09CA6B22-1E40-4ABE-A572-4895C9D1BB1C}"
EndProject
Project("{FAE04EC0-301F-11D3-BF4B-00C04F79EFBC}") = "NeXT.DMT.Services.Contracts", "NeXT.DMT.Services.Contracts\NeXT.DMT.Services.Contracts.csproj", "{9D58EE02-74A5-4B3F-9F77-03D6401170D9}"
EndProject
Project("{FAE04EC0-301F-11D3-BF4B-00C04F79EFBC}") = "NeXT.DMT.Services.Implementation", "NeXT.DMT.Services.Implementation\NeXT.DMT.Services.Implementation.csproj", "{4406612C-8819-4C15-A75F-E7F2B6CE89CA}"
EndProject
Project("{FAE04EC0-301F-11D3-BF4B-00C04F79EFBC}") = "NeXT.DMT.Entities", "NeXT.DMT.Entities\NeXT.DMT.Entities.csproj", "{3355D551-BEB4-49FC-8F0B-A18BF83EDD70}"
EndProject
Project("{FAE04EC0-301F-11D3-BF4B-00C04F79EFBC}") = "NeXT.DMT.Web", "NeXT.DMT.Web\NeXT.DMT.Web.csproj", "{39867486-F907-4128-B5C3-07806E91BF2C}"
EndProject
Global
	GlobalSection(SolutionConfigurationPlatforms) = preSolution
		Debug|Any CPU = Debug|Any CPU
		Release|Any CPU = Release|Any CPU
	EndGlobalSection
	GlobalSection(ProjectConfigurationPlatforms) = postSolution
		{3BE850D0-AE73-4517-8638-E4595B19773F}.Debug|Any CPU.ActiveCfg = Debug|Any CPU
		{3BE850D0-AE73-4517-8638-E4595B19773F}.Debug|Any CPU.Build.0 = Debug|Any CPU
		{3BE850D0-AE73-4517-8638-E4595B19773F}.Release|Any CPU.ActiveCfg = Release|Any CPU
		{3BE850D0-AE73-4517-8638-E4595B19773F}.Release|Any CPU.Build.0 = Release|Any CPU
		{09CA6B22-1E40-4ABE-A572-4895C9D1BB1C}.Debug|Any CPU.ActiveCfg = Debug|Any CPU
		{09CA6B22-1E40-4ABE-A572-4895C9D1BB1C}.Debug|Any CPU.Build.0 = Debug|Any CPU
		{09CA6B22-1E40-4ABE-A572-4895C9D1BB1C}.Release|Any CPU.ActiveCfg = Release|Any CPU
		{09CA6B22-1E40-4ABE-A572-4895C9D1BB1C}.Release|Any CPU.Build.0 = Release|Any CPU
		{9D58EE02-74A5-4B3F-9F77-03D6401170D9}.Debug|Any CPU.ActiveCfg = Debug|Any CPU
		{9D58EE02-74A5-4B3F-9F77-03D6401170D9}.Debug|Any CPU.Build.0 = Debug|Any CPU
		{9D58EE02-74A5-4B3F-9F77-03D6401170D9}.Release|Any CPU.ActiveCfg = Release|Any CPU
		{9D58EE02-74A5-4B3F-9F77-03D6401170D9}.Release|Any CPU.Build.0 = Release|Any CPU
		{4406612C-8819-4C15-A75F-E7F2B6CE89CA}.Debug|Any CPU.ActiveCfg = Debug|Any CPU
		{4406612C-8819-4C15-A75F-E7F2B6CE89CA}.Debug|Any CPU.Build.0 = Debug|Any CPU
		{4406612C-8819-4C15-A75F-E7F2B6CE89CA}.Release|Any CPU.ActiveCfg = Release|Any CPU
		{4406612C-8819-4C15-A75F-E7F2B6CE89CA}.Release|Any CPU.Build.0 = Release|Any CPU
		{3355D551-BEB4-49FC-8F0B-A18BF83EDD70}.Debug|Any CPU.ActiveCfg = Debug|Any CPU
		{3355D551-BEB4-49FC-8F0B-A18BF83EDD70}.Debug|Any CPU.Build.0 = Debug|Any CPU
		{3355D551-BEB4-49FC-8F0B-A18BF83EDD70}.Release|Any CPU.ActiveCfg = Release|Any CPU
		{3355D551-BEB4-49FC-8F0B-A18BF83EDD70}.Release|Any CPU.Build.0 = Release|Any CPU
		{39867486-F907-4128-B5C3-07806E91BF2C}.Debug|Any CPU.ActiveCfg = Debug|Any CPU
		{39867486-F907-4128-B5C3-07806E91BF2C}.Debug|Any CPU.Build.0 = Debug|Any CPU
		{39867486-F907-4128-B5C3-07806E91BF2C}.Release|Any CPU.ActiveCfg = Release|Any CPU
		{39867486-F907-4128-B5C3-07806E91BF2C}.Release|Any CPU.Build.0 = Release|Any CPU
	EndGlobalSection
	GlobalSection(SolutionProperties) = preSolution
		HideSolutionNode = FALSE
	EndGlobalSection
	GlobalSection(NestedProjects) = preSolution
		{3D77A793-7F0B-424B-A6BF-A6D6CBAD70AA} = {53774AB2-5D9D-4852-B3EF-168D0EC40376}
		{3BE850D0-AE73-4517-8638-E4595B19773F} = {70B59492-92FD-42DE-B67E-3FE748C13CEC}
		{09CA6B22-1E40-4ABE-A572-4895C9D1BB1C} = {672C3AC3-91CF-4C10-99C4-0E1A5C8C3CBA}
		{9D58EE02-74A5-4B3F-9F77-03D6401170D9} = {CE4026E5-0126-4873-BC44-5D6079448C91}
		{4406612C-8819-4C15-A75F-E7F2B6CE89CA} = {CE4026E5-0126-4873-BC44-5D6079448C91}
		{3355D551-BEB4-49FC-8F0B-A18BF83EDD70} = {30BA791E-24C2-4A49-993E-6D569BBE58E3}
		{39867486-F907-4128-B5C3-07806E91BF2C} = {3D77A793-7F0B-424B-A6BF-A6D6CBAD70AA}
	EndGlobalSection
EndGlobal
